{
  "version": 4,
  "terraform_version": "1.5.7",
  "serial": 1,
  "lineage": "56903151-cd0d-60be-0c94-f6ed6b9faed9",
  "outputs": {
    "bucket-name": {
      "value": "module.gcs-static-website-bucket.bucket",
      "type": "string"
    }
  },
  "resources": [
    {
      "module": "module.gcs-static-website-bucket",
      "mode": "managed",
      "type": "google_storage_bucket",
      "name": "bucket",
      "provider": "provider[\"registry.terraform.io/hashicorp/google\"]",
      "instances": [
        {
          "schema_version": 1,
          "attributes": {
            "autoclass": [],
            "cors": [],
            "custom_placement_config": [],
            "default_event_based_hold": false,
            "effective_labels": {},
            "enable_object_retention": false,
            "encryption": [],
            "force_destroy": true,
            "id": "qwiklabs-gcp-00-a9d49f640fe2",
            "labels": null,
            "lifecycle_rule": [
              {
                "action": [
                  {
                    "storage_class": "",
                    "type": "Delete"
                  }
                ],
                "condition": [
                  {
                    "age": 365,
                    "created_before": "",
                    "custom_time_before": "",
                    "days_since_custom_time": null,
                    "days_since_noncurrent_time": null,
                    "matches_prefix": [],
                    "matches_storage_class": [],
                    "matches_suffix": [],
                    "no_age": null,
                    "noncurrent_time_before": "",
                    "num_newer_versions": null,
                    "send_days_since_custom_time_if_zero": null,
                    "send_days_since_noncurrent_time_if_zero": null,
                    "send_num_newer_versions_if_zero": null,
                    "with_state": "ANY"
                  }
                ]
              }
            ],
            "location": "US-WEST1",
            "logging": [],
            "name": "qwiklabs-gcp-00-a9d49f640fe2",
            "project": "qwiklabs-gcp-00-a9d49f640fe2",
            "project_number": 506297210643,
            "public_access_prevention": "inherited",
            "requester_pays": false,
            "retention_policy": [],
            "rpo": null,
            "self_link": "https://www.googleapis.com/storage/v1/b/qwiklabs-gcp-00-a9d49f640fe2",
            "soft_delete_policy": [
              {
                "effective_time": "2024-08-12T18:46:21.968Z",
                "retention_duration_seconds": 604800
              }
            ],
            "storage_class": "STANDARD",
            "terraform_labels": {},
            "timeouts": null,
            "uniform_bucket_level_access": true,
            "url": "gs://qwiklabs-gcp-00-a9d49f640fe2",
            "versioning": [
              {
                "enabled": true
              }
            ],
            "website": []
          },
          "sensitive_attributes": [],
          "private": "eyJlMmJmYjczMC1lY2FhLTExZTYtOGY4OC0zNDM2M2JjN2M0YzAiOnsiY3JlYXRlIjo2MDAwMDAwMDAwMDAsInJlYWQiOjI0MDAwMDAwMDAwMCwidXBkYXRlIjoyNDAwMDAwMDAwMDB9LCJzY2hlbWFfdmVyc2lvbiI6IjEifQ=="
        }
      ]
    }
  ],
  "check_results": null
}
